{
  "pins" : [
    {
      "identity" : "elva",
      "kind" : "remoteSourceControl",
      "location" : "https://github.com/L1MeN9Yu/Elva.git",
      "state" : {
        "branch" : "main",
        "revision" : "fa091666bf724a9507138abce505f54aee07e919"
      }
    },
    {
      "identity" : "zipfoundation",
      "kind" : "remoteSourceControl",
      "location" : "https://github.com/weichsel/ZIPFoundation.git",
      "state" : {
        "branch" : "development",
        "revision" : "642436f3684009ca7a5e3d6b30f2ecea26f8f772"
      }
    }
  ],
  "version" : 2
}
